# This file is autogenerated, do not edit; changes may be undone by the next 'dep ensure'.


[[projects]]
  digest = "1:32b67d621b698f3a0c6d6ea4b43c0c281549dbcdc9020d7303943eebb4b845bc"
  name = "cloud.google.com/go"
  packages = [
    "compute/metadata",
    "dialogflow/apiv2",
    "longrunning",
    "longrunning/autogen",
  ]
  pruneopts = "UT"
  revision = "775730d6e48254a2430366162cf6298e5368833c"
  version = "v0.39.0"

[[projects]]
  digest = "1:1882d3bab192c14c94b61781ff6d3965362f98527f895987793908304e90c118"
  name = "github.com/golang/protobuf"
  packages = [
    "proto",
    "protoc-gen-go/descriptor",
    "ptypes",
    "ptypes/any",
    "ptypes/duration",
    "ptypes/empty",
    "ptypes/struct",
    "ptypes/timestamp",
  ]
  pruneopts = "UT"
  revision = "b5d812f8a3706043e23a9cd5babf2e5423744d30"
  version = "v1.3.1"

[[projects]]
  digest = "1:f1f70abea1ab125d48396343b4c053f8fecfbdb943037bf3d29dc80c90fe60b3"
  name = "github.com/googleapis/gax-go"
  packages = ["v2"]
  pruneopts = "UT"
  revision = "beaecbbdd8af86aa3acf14180d53828ce69400b2"
  version = "v2.0.4"

[[projects]]
  digest = "1:67474f760e9ac3799f740db2c489e6423a4cde45520673ec123ac831ad849cb8"
  name = "github.com/hashicorp/golang-lru"
  packages = ["simplelru"]
  pruneopts = "UT"
  revision = "7087cb70de9f7a8bc0a10c375cb0d2280a8edf9c"
  version = "v0.5.1"

[[projects]]
  digest = "1:bf33f7cd985e8e62eeef3b1985ec48f0f274e4083fa811596aafaf3af2947e83"
  name = "go.opencensus.io"
  packages = [
    ".",
    "internal",
    "internal/tagencoding",
    "metric/metricdata",
    "metric/metricproducer",
    "plugin/ocgrpc",
    "plugin/ochttp",
    "plugin/ochttp/propagation/b3",
    "resource",
    "stats",
    "stats/internal",
    "stats/view",
    "tag",
    "trace",
    "trace/internal",
    "trace/propagation",
    "trace/tracestate",
  ]
  pruneopts = "UT"
  revision = "9c377598961b706d1542bd2d84d538b5094d596e"
  version = "v0.22.0"

[[projects]]
  branch = "master"
  digest = "1:1b13e8770142a9251361b13a3b8b9b77296be6fa32856c937b346a45f93c845c"
  name = "golang.org/x/net"
  packages = [
    "context",
    "context/ctxhttp",
    "http/httpguts",
    "http2",
    "http2/hpack",
    "idna",
    "internal/timeseries",
    "trace",
  ]
  pruneopts = "UT"
  revision = "f3200d17e092c607f615320ecaad13d87ad9a2b3"

[[projects]]
  branch = "master"
  digest = "1:7cba983d19f4aa6a154d73268dcc67a66bcc24bd7ee1c1b09d448a721dea0d9f"
  name = "golang.org/x/oauth2"
  packages = [
    ".",
    "google",
    "internal",
    "jws",
    "jwt",
  ]
  pruneopts = "UT"
  revision = "aaccbc9213b0974828f81aaac109d194880e3014"

[[projects]]
  branch = "master"
  digest = "1:668e8c66b8895d69391429b0f64a72c35603c94f364c94d4e5fab5053d57a0b6"
  name = "golang.org/x/sys"
  packages = ["unix"]
  pruneopts = "UT"
  revision = "69e3a3a65b5bed52b8194d33c59d955757d87523"

[[projects]]
  digest = "1:8d8faad6b12a3a4c819a3f9618cb6ee1fa1cfc33253abeeea8b55336721e3405"
  name = "golang.org/x/text"
  packages = [
    "collate",
    "collate/build",
    "internal/colltab",
    "internal/gen",
    "internal/language",
    "internal/language/compact",
    "internal/tag",
    "internal/triegen",
    "internal/ucd",
    "language",
    "secure/bidirule",
    "transform",
    "unicode/bidi",
    "unicode/cldr",
    "unicode/norm",
    "unicode/rangetable",
  ]
  pruneopts = "UT"
  revision = "342b2e1fbaa52c93f31447ad2c6abc048c63e475"
  version = "v0.3.2"

[[projects]]
  digest = "1:1e31ce7668b1e399bfc1d8a40ec4533eb24120a79f84dce14d058cd9b3a26bfb"
  name = "google.golang.org/api"
  packages = [
    "googleapi/transport",
    "internal",
    "iterator",
    "option",
    "transport",
    "transport/grpc",
    "transport/http",
    "transport/http/internal/propagation",
  ]
  pruneopts = "UT"
  revision = "721295fe20d585ce7e948146f82188429d14da33"
  version = "v0.5.0"

[[projects]]
  digest = "1:1366eff573b4e7adc862f31d01f31f20b3d9267031d45c5995da14a711e4add0"
  name = "google.golang.org/appengine"
  packages = [
    ".",
    "internal",
    "internal/app_identity",
    "internal/base",
    "internal/datastore",
    "internal/log",
    "internal/modules",
    "internal/remote_api",
    "internal/socket",
    "internal/urlfetch",
    "socket",
    "urlfetch",
  ]
  pruneopts = "UT"
  revision = "4c25cacc810c02874000e4f7071286a8e96b2515"
  version = "v1.6.0"

[[projects]]
  branch = "master"
  digest = "1:4b43655c95d880aba2c7fdec5f035c8b199ba651038222260fe5ac9215852e05"
  name = "google.golang.org/genproto"
  packages = [
    "googleapis/api/annotations",
    "googleapis/cloud/dialogflow/v2",
    "googleapis/longrunning",
    "googleapis/rpc/status",
    "googleapis/type/latlng",
    "protobuf/field_mask",
  ]
  pruneopts = "UT"
  revision = "fb225487d10142b5bcc35abfc6cb9a0609614976"

[[projects]]
  digest = "1:75fd7c63d317f4c60131dea3833934eb790ba067f90636fbcd51dbbd2ad57170"
  name = "google.golang.org/grpc"
  packages = [
    ".",
    "balancer",
    "balancer/base",
    "balancer/roundrobin",
    "binarylog/grpc_binarylog_v1",
    "codes",
    "connectivity",
    "credentials",
    "credentials/internal",
    "credentials/oauth",
    "encoding",
    "encoding/proto",
    "grpclog",
    "internal",
    "internal/backoff",
    "internal/balancerload",
    "internal/binarylog",
    "internal/channelz",
    "internal/envconfig",
    "internal/grpcrand",
    "internal/grpcsync",
    "internal/syscall",
    "internal/transport",
    "keepalive",
    "metadata",
    "naming",
    "peer",
    "resolver",
    "resolver/dns",
    "resolver/passthrough",
    "stats",
    "status",
    "tap",
  ]
  pruneopts = "UT"
  revision = "869adfc8d5a43efc0d05780ad109106f457f51e4"
  version = "v1.21.0"

[solve-meta]
  analyzer-name = "dep"
  analyzer-version = 1
  input-imports = [
    "cloud.google.com/go/dialogflow/apiv2",
    "google.golang.org/genproto/googleapis/cloud/dialogflow/v2",
  ]
  solver-name = "gps-cdcl"
  solver-version = 1
